
Microsoft Visual Studio Solution File, Format Version 12.00
# Visual Studio 15
VisualStudioVersion = 15.0.28307.329
MinimumVisualStudioVersion = 10.0.40219.1
Project("{FAE04EC0-301F-11D3-BF4B-00C04F79EFBC}") = "Task 1", "Task 1\Task 1.csproj", "{BF287020-74D8-4CB6-8208-3E64FB88F77B}"
EndProject
Global
	GlobalSection(SolutionConfigurationPlatforms) = preSolution
		Debug|Any CPU = Debug|Any CPU
		Release|Any CPU = Release|Any CPU
	EndGlobalSection
	GlobalSection(ProjectConfigurationPlatforms) = postSolution
		{BF287020-74D8-4CB6-8208-3E64FB88F77B}.Debug|Any CPU.ActiveCfg = Debug|Any CPU
		{BF287020-74D8-4CB6-8208-3E64FB88F77B}.Debug|Any CPU.Build.0 = Debug|Any CPU
		{BF287020-74D8-4CB6-8208-3E64FB88F77B}.Release|Any CPU.ActiveCfg = Release|Any CPU
		{BF287020-74D8-4CB6-8208-3E64FB88F77B}.Release|Any CPU.Build.0 = Release|Any CPU
	EndGlobalSection
	GlobalSection(SolutionProperties) = preSolution
		HideSolutionNode = FALSE
	EndGlobalSection
	GlobalSection(ExtensibilityGlobals) = postSolution
		SolutionGuid = {370D6640-9C50-4FBD-8155-93D8A1CE394C}
	EndGlobalSection
EndGlobal
